
Microsoft Visual Studio Solution File, Format Version 12.00
# Visual Studio Version 17
VisualStudioVersion = 17.11.35219.272
MinimumVisualStudioVersion = 10.0.40219.1
Project("{FAE04EC0-301F-11D3-BF4B-00C04F79EFBC}") = "TestWJcomms", "TestWJcomms.csproj", "{048153B3-C06D-499B-8241-2D353B3CCE58}"
EndProject
Global
	GlobalSection(SolutionConfigurationPlatforms) = preSolution
		Debug|Any CPU = Debug|Any CPU
		Release|Any CPU = Release|Any CPU
	EndGlobalSection
	GlobalSection(ProjectConfigurationPlatforms) = postSolution
		{048153B3-C06D-499B-8241-2D353B3CCE58}.Debug|Any CPU.ActiveCfg = Debug|Any CPU
		{048153B3-C06D-499B-8241-2D353B3CCE58}.Debug|Any CPU.Build.0 = Debug|Any CPU
		{048153B3-C06D-499B-8241-2D353B3CCE58}.Release|Any CPU.ActiveCfg = Release|Any CPU
		{048153B3-C06D-499B-8241-2D353B3CCE58}.Release|Any CPU.Build.0 = Release|Any CPU
	EndGlobalSection
	GlobalSection(SolutionProperties) = preSolution
		HideSolutionNode = FALSE
	EndGlobalSection
	GlobalSection(ExtensibilityGlobals) = postSolution
		SolutionGuid = {35CDEB7E-B4CB-47DC-BB50-1CE855918495}
	EndGlobalSection
EndGlobal
